
Microsoft Visual Studio Solution File, Format Version 12.00
# Visual Studio Version 17
VisualStudioVersion = 17.5.33516.290
MinimumVisualStudioVersion = 10.0.40219.1
Project("{9A19103F-16F7-4668-BE54-9A1E7A4F7556}") = "approje", "approje\approje.csproj", "{8D5AD409-2F34-4FD4-A393-AEC9F7398CD8}"
EndProject
Project("{FAE04EC0-301F-11D3-BF4B-00C04F79EFBC}") = "App.Entities", "App.Entities\App.Entities.csproj", "{78E5F35E-AA2F-4C0B-9BBA-B72C024A604E}"
EndProject
Global
	GlobalSection(SolutionConfigurationPlatforms) = preSolution
		Debug|Any CPU = Debug|Any CPU
		Release|Any CPU = Release|Any CPU
	EndGlobalSection
	GlobalSection(ProjectConfigurationPlatforms) = postSolution
		{8D5AD409-2F34-4FD4-A393-AEC9F7398CD8}.Debug|Any CPU.ActiveCfg = Debug|Any CPU
		{8D5AD409-2F34-4FD4-A393-AEC9F7398CD8}.Debug|Any CPU.Build.0 = Debug|Any CPU
		{8D5AD409-2F34-4FD4-A393-AEC9F7398CD8}.Release|Any CPU.ActiveCfg = Release|Any CPU
		{8D5AD409-2F34-4FD4-A393-AEC9F7398CD8}.Release|Any CPU.Build.0 = Release|Any CPU
		{78E5F35E-AA2F-4C0B-9BBA-B72C024A604E}.Debug|Any CPU.ActiveCfg = Debug|Any CPU
		{78E5F35E-AA2F-4C0B-9BBA-B72C024A604E}.Debug|Any CPU.Build.0 = Debug|Any CPU
		{78E5F35E-AA2F-4C0B-9BBA-B72C024A604E}.Release|Any CPU.ActiveCfg = Release|Any CPU
		{78E5F35E-AA2F-4C0B-9BBA-B72C024A604E}.Release|Any CPU.Build.0 = Release|Any CPU
	EndGlobalSection
	GlobalSection(SolutionProperties) = preSolution
		HideSolutionNode = FALSE
	EndGlobalSection
	GlobalSection(ExtensibilityGlobals) = postSolution
		SolutionGuid = {51122A57-0FC6-401F-A514-74095DE9064C}
	EndGlobalSection
EndGlobal
